
Microsoft Visual Studio Solution File, Format Version 12.00
# Visual Studio Version 16
VisualStudioVersion = 16.0.30804.86
MinimumVisualStudioVersion = 10.0.40219.1
Project("{9A19103F-16F7-4668-BE54-9A1E7A4F7556}") = "StacksAndQueues", "StacksAndQueues\StacksAndQueues.csproj", "{60EFCFE0-A8F7-44F3-8252-B9BF3FD7D797}"
EndProject
Project("{9A19103F-16F7-4668-BE54-9A1E7A4F7556}") = "01.ReverseStrings", "01.ReverseStrings\01.ReverseStrings.csproj", "{BAC055D6-F889-4A80-B88E-6834BEE0A53B}"
EndProject
Project("{9A19103F-16F7-4668-BE54-9A1E7A4F7556}") = "02.StackSum", "02.StackSum\02.StackSum.csproj", "{4C354E87-3533-4346-993F-D0B972FE9192}"
EndProject
Project("{9A19103F-16F7-4668-BE54-9A1E7A4F7556}") = "03.SimpleCalculator", "03.SimpleCalculator\03.SimpleCalculator.csproj", "{E97215A0-3D52-4D30-A5D9-3F849341D211}"
EndProject
Project("{9A19103F-16F7-4668-BE54-9A1E7A4F7556}") = "04.MatchingBrackets", "04.MatchingBrackets\04.MatchingBrackets.csproj", "{82F2F46D-A430-4DDF-AA05-B2D4F3706D8E}"
EndProject
Project("{9A19103F-16F7-4668-BE54-9A1E7A4F7556}") = "05.PrintEvenNumbers", "05.PrintEvenNumbers\05.PrintEvenNumbers.csproj", "{EEF0ABC0-F19E-4827-BC7F-17E90816CC5B}"
EndProject
Project("{9A19103F-16F7-4668-BE54-9A1E7A4F7556}") = "06.Supermarket", "06.Supermarket\06.Supermarket.csproj", "{DF0B82CD-69F6-4116-9251-D7C04C1B3FC9}"
EndProject
Project("{FAE04EC0-301F-11D3-BF4B-00C04F79EFBC}") = "07.HotPotatoe", "07.HotPotatoe\07.HotPotatoe.csproj", "{8386B4F5-824B-46FC-8272-9021DF331CE7}"
EndProject
Project("{FAE04EC0-301F-11D3-BF4B-00C04F79EFBC}") = "08.TrafficJam", "08.TrafficJam\08.TrafficJam.csproj", "{7B07EB6E-C473-453B-846B-5372BA3D809A}"
EndProject
Global
	GlobalSection(SolutionConfigurationPlatforms) = preSolution
		Debug|Any CPU = Debug|Any CPU
		Release|Any CPU = Release|Any CPU
	EndGlobalSection
	GlobalSection(ProjectConfigurationPlatforms) = postSolution
		{60EFCFE0-A8F7-44F3-8252-B9BF3FD7D797}.Debug|Any CPU.ActiveCfg = Debug|Any CPU
		{60EFCFE0-A8F7-44F3-8252-B9BF3FD7D797}.Debug|Any CPU.Build.0 = Debug|Any CPU
		{60EFCFE0-A8F7-44F3-8252-B9BF3FD7D797}.Release|Any CPU.ActiveCfg = Release|Any CPU
		{60EFCFE0-A8F7-44F3-8252-B9BF3FD7D797}.Release|Any CPU.Build.0 = Release|Any CPU
		{BAC055D6-F889-4A80-B88E-6834BEE0A53B}.Debug|Any CPU.ActiveCfg = Debug|Any CPU
		{BAC055D6-F889-4A80-B88E-6834BEE0A53B}.Debug|Any CPU.Build.0 = Debug|Any CPU
		{BAC055D6-F889-4A80-B88E-6834BEE0A53B}.Release|Any CPU.ActiveCfg = Release|Any CPU
		{BAC055D6-F889-4A80-B88E-6834BEE0A53B}.Release|Any CPU.Build.0 = Release|Any CPU
		{4C354E87-3533-4346-993F-D0B972FE9192}.Debug|Any CPU.ActiveCfg = Debug|Any CPU
		{4C354E87-3533-4346-993F-D0B972FE9192}.Debug|Any CPU.Build.0 = Debug|Any CPU
		{4C354E87-3533-4346-993F-D0B972FE9192}.Release|Any CPU.ActiveCfg = Release|Any CPU
		{4C354E87-3533-4346-993F-D0B972FE9192}.Release|Any CPU.Build.0 = Release|Any CPU
		{E97215A0-3D52-4D30-A5D9-3F849341D211}.Debug|Any CPU.ActiveCfg = Debug|Any CPU
		{E97215A0-3D52-4D30-A5D9-3F849341D211}.Debug|Any CPU.Build.0 = Debug|Any CPU
		{E97215A0-3D52-4D30-A5D9-3F849341D211}.Release|Any CPU.ActiveCfg = Release|Any CPU
		{E97215A0-3D52-4D30-A5D9-3F849341D211}.Release|Any CPU.Build.0 = Release|Any CPU
		{82F2F46D-A430-4DDF-AA05-B2D4F3706D8E}.Debug|Any CPU.ActiveCfg = Debug|Any CPU
		{82F2F46D-A430-4DDF-AA05-B2D4F3706D8E}.Debug|Any CPU.Build.0 = Debug|Any CPU
		{82F2F46D-A430-4DDF-AA05-B2D4F3706D8E}.Release|Any CPU.ActiveCfg = Release|Any CPU
		{82F2F46D-A430-4DDF-AA05-B2D4F3706D8E}.Release|Any CPU.Build.0 = Release|Any CPU
		{EEF0ABC0-F19E-4827-BC7F-17E90816CC5B}.Debug|Any CPU.ActiveCfg = Debug|Any CPU
		{EEF0ABC0-F19E-4827-BC7F-17E90816CC5B}.Debug|Any CPU.Build.0 = Debug|Any CPU
		{EEF0ABC0-F19E-4827-BC7F-17E90816CC5B}.Release|Any CPU.ActiveCfg = Release|Any CPU
		{EEF0ABC0-F19E-4827-BC7F-17E90816CC5B}.Release|Any CPU.Build.0 = Release|Any CPU
		{DF0B82CD-69F6-4116-9251-D7C04C1B3FC9}.Debug|Any CPU.ActiveCfg = Debug|Any CPU
		{DF0B82CD-69F6-4116-9251-D7C04C1B3FC9}.Debug|Any CPU.Build.0 = Debug|Any CPU
		{DF0B82CD-69F6-4116-9251-D7C04C1B3FC9}.Release|Any CPU.ActiveCfg = Release|Any CPU
		{DF0B82CD-69F6-4116-9251-D7C04C1B3FC9}.Release|Any CPU.Build.0 = Release|Any CPU
		{8386B4F5-824B-46FC-8272-9021DF331CE7}.Debug|Any CPU.ActiveCfg = Debug|Any CPU
		{8386B4F5-824B-46FC-8272-9021DF331CE7}.Debug|Any CPU.Build.0 = Debug|Any CPU
		{8386B4F5-824B-46FC-8272-9021DF331CE7}.Release|Any CPU.ActiveCfg = Release|Any CPU
		{8386B4F5-824B-46FC-8272-9021DF331CE7}.Release|Any CPU.Build.0 = Release|Any CPU
		{7B07EB6E-C473-453B-846B-5372BA3D809A}.Debug|Any CPU.ActiveCfg = Debug|Any CPU
		{7B07EB6E-C473-453B-846B-5372BA3D809A}.Debug|Any CPU.Build.0 = Debug|Any CPU
		{7B07EB6E-C473-453B-846B-5372BA3D809A}.Release|Any CPU.ActiveCfg = Release|Any CPU
		{7B07EB6E-C473-453B-846B-5372BA3D809A}.Release|Any CPU.Build.0 = Release|Any CPU
	EndGlobalSection
	GlobalSection(SolutionProperties) = preSolution
		HideSolutionNode = FALSE
	EndGlobalSection
	GlobalSection(ExtensibilityGlobals) = postSolution
		SolutionGuid = {2C638FCA-99AD-4974-9163-3BBFA98109C5}
	EndGlobalSection
EndGlobal
