
Microsoft Visual Studio Solution File, Format Version 12.00
# Visual Studio Version 16
VisualStudioVersion = 16.0.30804.86
MinimumVisualStudioVersion = 10.0.40219.1
Project("{9A19103F-16F7-4668-BE54-9A1E7A4F7556}") = "Generics-Exercise", "Generics-Exercise\Generics-Exercise.csproj", "{72738D1C-C48B-481B-AF25-C8D77879C7A8}"
EndProject
Project("{9A19103F-16F7-4668-BE54-9A1E7A4F7556}") = "GenericBox", "GenericBox\GenericBox.csproj", "{8F21EBF9-37E6-4CBF-9B15-550C59B61655}"
EndProject
Project("{FAE04EC0-301F-11D3-BF4B-00C04F79EFBC}") = "GenericSwapMethod", "GenericSwapMethod\GenericSwapMethod.csproj", "{67B8C7A3-451C-4B6E-A3C9-6FAA7120F970}"
EndProject
Project("{FAE04EC0-301F-11D3-BF4B-00C04F79EFBC}") = "GenericCountMethod", "GenericCountMethod\GenericCountMethod.csproj", "{100D307D-42C4-4C72-8D77-8A387323E5EB}"
EndProject
Project("{FAE04EC0-301F-11D3-BF4B-00C04F79EFBC}") = "Tuple", "Tuple\Tuple.csproj", "{AA7B084A-297C-43DE-8437-BE060EC956D9}"
EndProject
Project("{FAE04EC0-301F-11D3-BF4B-00C04F79EFBC}") = "Threeuple", "Threeuple\Threeuple.csproj", "{916F461C-5574-497C-9FDA-488BBC535231}"
EndProject
Global
	GlobalSection(SolutionConfigurationPlatforms) = preSolution
		Debug|Any CPU = Debug|Any CPU
		Release|Any CPU = Release|Any CPU
	EndGlobalSection
	GlobalSection(ProjectConfigurationPlatforms) = postSolution
		{72738D1C-C48B-481B-AF25-C8D77879C7A8}.Debug|Any CPU.ActiveCfg = Debug|Any CPU
		{72738D1C-C48B-481B-AF25-C8D77879C7A8}.Debug|Any CPU.Build.0 = Debug|Any CPU
		{72738D1C-C48B-481B-AF25-C8D77879C7A8}.Release|Any CPU.ActiveCfg = Release|Any CPU
		{72738D1C-C48B-481B-AF25-C8D77879C7A8}.Release|Any CPU.Build.0 = Release|Any CPU
		{8F21EBF9-37E6-4CBF-9B15-550C59B61655}.Debug|Any CPU.ActiveCfg = Debug|Any CPU
		{8F21EBF9-37E6-4CBF-9B15-550C59B61655}.Debug|Any CPU.Build.0 = Debug|Any CPU
		{8F21EBF9-37E6-4CBF-9B15-550C59B61655}.Release|Any CPU.ActiveCfg = Release|Any CPU
		{8F21EBF9-37E6-4CBF-9B15-550C59B61655}.Release|Any CPU.Build.0 = Release|Any CPU
		{67B8C7A3-451C-4B6E-A3C9-6FAA7120F970}.Debug|Any CPU.ActiveCfg = Debug|Any CPU
		{67B8C7A3-451C-4B6E-A3C9-6FAA7120F970}.Debug|Any CPU.Build.0 = Debug|Any CPU
		{67B8C7A3-451C-4B6E-A3C9-6FAA7120F970}.Release|Any CPU.ActiveCfg = Release|Any CPU
		{67B8C7A3-451C-4B6E-A3C9-6FAA7120F970}.Release|Any CPU.Build.0 = Release|Any CPU
		{100D307D-42C4-4C72-8D77-8A387323E5EB}.Debug|Any CPU.ActiveCfg = Debug|Any CPU
		{100D307D-42C4-4C72-8D77-8A387323E5EB}.Debug|Any CPU.Build.0 = Debug|Any CPU
		{100D307D-42C4-4C72-8D77-8A387323E5EB}.Release|Any CPU.ActiveCfg = Release|Any CPU
		{100D307D-42C4-4C72-8D77-8A387323E5EB}.Release|Any CPU.Build.0 = Release|Any CPU
		{AA7B084A-297C-43DE-8437-BE060EC956D9}.Debug|Any CPU.ActiveCfg = Debug|Any CPU
		{AA7B084A-297C-43DE-8437-BE060EC956D9}.Debug|Any CPU.Build.0 = Debug|Any CPU
		{AA7B084A-297C-43DE-8437-BE060EC956D9}.Release|Any CPU.ActiveCfg = Release|Any CPU
		{AA7B084A-297C-43DE-8437-BE060EC956D9}.Release|Any CPU.Build.0 = Release|Any CPU
		{916F461C-5574-497C-9FDA-488BBC535231}.Debug|Any CPU.ActiveCfg = Debug|Any CPU
		{916F461C-5574-497C-9FDA-488BBC535231}.Debug|Any CPU.Build.0 = Debug|Any CPU
		{916F461C-5574-497C-9FDA-488BBC535231}.Release|Any CPU.ActiveCfg = Release|Any CPU
		{916F461C-5574-497C-9FDA-488BBC535231}.Release|Any CPU.Build.0 = Release|Any CPU
	EndGlobalSection
	GlobalSection(SolutionProperties) = preSolution
		HideSolutionNode = FALSE
	EndGlobalSection
	GlobalSection(ExtensibilityGlobals) = postSolution
		SolutionGuid = {D4023157-0C83-434B-9AC5-5BB8D15B8648}
	EndGlobalSection
EndGlobal
